
Microsoft Visual Studio Solution File, Format Version 12.00
# Visual Studio Version 17
VisualStudioVersion = 17.9.34616.47
MinimumVisualStudioVersion = 10.0.40219.1
Project("{FAE04EC0-301F-11D3-BF4B-00C04F79EFBC}") = "PDC03FinalProject.Android", "PDC03FinalProject\PDC03FinalProject.Android\PDC03FinalProject.Android.csproj", "{62578AB1-03D1-40CC-92AA-446FC2DE7A14}"
EndProject
Project("{FAE04EC0-301F-11D3-BF4B-00C04F79EFBC}") = "PDC03FinalProject", "PDC03FinalProject\PDC03FinalProject\PDC03FinalProject.csproj", "{EC682402-5401-44BD-AC70-908113326255}"
EndProject
Global
	GlobalSection(SolutionConfigurationPlatforms) = preSolution
		Debug|Any CPU = Debug|Any CPU
		Release|Any CPU = Release|Any CPU
	EndGlobalSection
	GlobalSection(ProjectConfigurationPlatforms) = postSolution
		{62578AB1-03D1-40CC-92AA-446FC2DE7A14}.Debug|Any CPU.ActiveCfg = Debug|Any CPU
		{62578AB1-03D1-40CC-92AA-446FC2DE7A14}.Debug|Any CPU.Build.0 = Debug|Any CPU
		{62578AB1-03D1-40CC-92AA-446FC2DE7A14}.Debug|Any CPU.Deploy.0 = Debug|Any CPU
		{62578AB1-03D1-40CC-92AA-446FC2DE7A14}.Release|Any CPU.ActiveCfg = Release|Any CPU
		{62578AB1-03D1-40CC-92AA-446FC2DE7A14}.Release|Any CPU.Build.0 = Release|Any CPU
		{62578AB1-03D1-40CC-92AA-446FC2DE7A14}.Release|Any CPU.Deploy.0 = Release|Any CPU
		{EC682402-5401-44BD-AC70-908113326255}.Debug|Any CPU.ActiveCfg = Debug|Any CPU
		{EC682402-5401-44BD-AC70-908113326255}.Debug|Any CPU.Build.0 = Debug|Any CPU
		{EC682402-5401-44BD-AC70-908113326255}.Debug|Any CPU.Deploy.0 = Debug|Any CPU
		{EC682402-5401-44BD-AC70-908113326255}.Release|Any CPU.ActiveCfg = Release|Any CPU
		{EC682402-5401-44BD-AC70-908113326255}.Release|Any CPU.Build.0 = Release|Any CPU
		{EC682402-5401-44BD-AC70-908113326255}.Release|Any CPU.Deploy.0 = Release|Any CPU
	EndGlobalSection
	GlobalSection(SolutionProperties) = preSolution
		HideSolutionNode = FALSE
	EndGlobalSection
	GlobalSection(ExtensibilityGlobals) = postSolution
		SolutionGuid = {FBF109F9-954B-48F6-9D4E-75AE0654B159}
	EndGlobalSection
EndGlobal
